
Microsoft Visual Studio Solution File, Format Version 12.00
# Visual Studio Version 17
VisualStudioVersion = 17.4.33213.308
MinimumVisualStudioVersion = 10.0.40219.1
Project("{FAE04EC0-301F-11D3-BF4B-00C04F79EFBC}") = "Fruits", "Fruits\Fruits.csproj", "{67D1E89F-36C6-4C33-BF44-690D9BCD271E}"
EndProject
Global
	GlobalSection(SolutionConfigurationPlatforms) = preSolution
		Debug|Any CPU = Debug|Any CPU
		Release|Any CPU = Release|Any CPU
	EndGlobalSection
	GlobalSection(ProjectConfigurationPlatforms) = postSolution
		{67D1E89F-36C6-4C33-BF44-690D9BCD271E}.Debug|Any CPU.ActiveCfg = Debug|Any CPU
		{67D1E89F-36C6-4C33-BF44-690D9BCD271E}.Debug|Any CPU.Build.0 = Debug|Any CPU
		{67D1E89F-36C6-4C33-BF44-690D9BCD271E}.Release|Any CPU.ActiveCfg = Release|Any CPU
		{67D1E89F-36C6-4C33-BF44-690D9BCD271E}.Release|Any CPU.Build.0 = Release|Any CPU
	EndGlobalSection
	GlobalSection(SolutionProperties) = preSolution
		HideSolutionNode = FALSE
	EndGlobalSection
	GlobalSection(ExtensibilityGlobals) = postSolution
		SolutionGuid = {DAD1FB85-DA59-4D7F-9D46-1D07A7A5DEB6}
	EndGlobalSection
EndGlobal
